{
  "name": "gm-building",
  "version": "1.0.0",
  "lockfileVersion": 3,
  "requires": true,
  "packages": {
    "": {
      "name": "gm-building",
      "version": "1.0.0",
      "license": "ISC",
      "dependencies": {
        "material-kit": "^2.0.4"
      },
      "devDependencies": {}
    },
    "node_modules/material-kit": {
      "version": "2.0.4",
      "resolved": "https://registry.npmjs.org/material-kit/-/material-kit-2.0.4.tgz",
      "integrity": "sha512-YtcRcqV0s7iByigCfcoHqtrUgXaicyYyZYikn6cdUuKdPdYvQplOUvUgvzmNTvDPcZXzLt8MUk9YfpWWOGISOQ=="
    }
  }
}
